
Microsoft Visual Studio Solution File, Format Version 12.00
# Visual Studio 15
VisualStudioVersion = 15.0.28307.572
MinimumVisualStudioVersion = 10.0.40219.1
Project("{FAE04EC0-301F-11D3-BF4B-00C04F79EFBC}") = "Client", "Client\Client.csproj", "{C2A91453-C2E9-4B6F-A4E2-EDB31269EC02}"
EndProject
Project("{FAE04EC0-301F-11D3-BF4B-00C04F79EFBC}") = "Server", "Server\Server.csproj", "{C25F9928-C355-4F9F-AC39-1A9AB9A792E9}"
EndProject
Project("{FAE04EC0-301F-11D3-BF4B-00C04F79EFBC}") = "ClientTest", "ClientTest\ClientTest.csproj", "{38EC5544-5E81-4BBE-BD09-FA629C8162A8}"
EndProject
Project("{FAE04EC0-301F-11D3-BF4B-00C04F79EFBC}") = "ServerTest", "ServerTest\ServerTest.csproj", "{75EAE65E-6E7F-47AF-862B-E881268F2227}"
EndProject
Global
	GlobalSection(SolutionConfigurationPlatforms) = preSolution
		Debug|Any CPU = Debug|Any CPU
		Release|Any CPU = Release|Any CPU
	EndGlobalSection
	GlobalSection(ProjectConfigurationPlatforms) = postSolution
		{C2A91453-C2E9-4B6F-A4E2-EDB31269EC02}.Debug|Any CPU.ActiveCfg = Debug|Any CPU
		{C2A91453-C2E9-4B6F-A4E2-EDB31269EC02}.Debug|Any CPU.Build.0 = Debug|Any CPU
		{C2A91453-C2E9-4B6F-A4E2-EDB31269EC02}.Release|Any CPU.ActiveCfg = Release|Any CPU
		{C2A91453-C2E9-4B6F-A4E2-EDB31269EC02}.Release|Any CPU.Build.0 = Release|Any CPU
		{C25F9928-C355-4F9F-AC39-1A9AB9A792E9}.Debug|Any CPU.ActiveCfg = Debug|Any CPU
		{C25F9928-C355-4F9F-AC39-1A9AB9A792E9}.Debug|Any CPU.Build.0 = Debug|Any CPU
		{C25F9928-C355-4F9F-AC39-1A9AB9A792E9}.Release|Any CPU.ActiveCfg = Release|Any CPU
		{C25F9928-C355-4F9F-AC39-1A9AB9A792E9}.Release|Any CPU.Build.0 = Release|Any CPU
		{38EC5544-5E81-4BBE-BD09-FA629C8162A8}.Debug|Any CPU.ActiveCfg = Debug|Any CPU
		{38EC5544-5E81-4BBE-BD09-FA629C8162A8}.Debug|Any CPU.Build.0 = Debug|Any CPU
		{38EC5544-5E81-4BBE-BD09-FA629C8162A8}.Release|Any CPU.ActiveCfg = Release|Any CPU
		{38EC5544-5E81-4BBE-BD09-FA629C8162A8}.Release|Any CPU.Build.0 = Release|Any CPU
		{75EAE65E-6E7F-47AF-862B-E881268F2227}.Debug|Any CPU.ActiveCfg = Debug|Any CPU
		{75EAE65E-6E7F-47AF-862B-E881268F2227}.Debug|Any CPU.Build.0 = Debug|Any CPU
		{75EAE65E-6E7F-47AF-862B-E881268F2227}.Release|Any CPU.ActiveCfg = Release|Any CPU
		{75EAE65E-6E7F-47AF-862B-E881268F2227}.Release|Any CPU.Build.0 = Release|Any CPU
	EndGlobalSection
	GlobalSection(SolutionProperties) = preSolution
		HideSolutionNode = FALSE
	EndGlobalSection
	GlobalSection(ExtensibilityGlobals) = postSolution
		SolutionGuid = {D7B4789C-A908-46C6-AAC1-7CBAA717CB19}
	EndGlobalSection
EndGlobal
